
Microsoft Visual Studio Solution File, Format Version 12.00
# Visual Studio 2017
Project("{FAE04EC0-301F-11D3-BF4B-00C04F79EFBC}") = "AspNetCoreOnDocker", "AspNetCoreOnDocker.csproj", "{2592AE6C-0100-47D0-AC74-E1D6C2EF5457}"
EndProject
Project("{E53339B2-1760-4266-BCC7-CA923CBCF16C}") = "docker-compose", "docker-compose.dcproj", "{F4790A41-B628-44A2-8EB0-31B4B3206711}"
EndProject
Global
	GlobalSection(SolutionConfigurationPlatforms) = preSolution
		Debug|Any CPU = Debug|Any CPU
		Release|Any CPU = Release|Any CPU
	EndGlobalSection
	GlobalSection(ProjectConfigurationPlatforms) = postSolution
		{2592AE6C-0100-47D0-AC74-E1D6C2EF5457}.Debug|Any CPU.ActiveCfg = Debug|Any CPU
		{2592AE6C-0100-47D0-AC74-E1D6C2EF5457}.Debug|Any CPU.Build.0 = Debug|Any CPU
		{2592AE6C-0100-47D0-AC74-E1D6C2EF5457}.Release|Any CPU.ActiveCfg = Release|Any CPU
		{2592AE6C-0100-47D0-AC74-E1D6C2EF5457}.Release|Any CPU.Build.0 = Release|Any CPU
		{F4790A41-B628-44A2-8EB0-31B4B3206711}.Debug|Any CPU.ActiveCfg = Debug|Any CPU
		{F4790A41-B628-44A2-8EB0-31B4B3206711}.Debug|Any CPU.Build.0 = Debug|Any CPU
		{F4790A41-B628-44A2-8EB0-31B4B3206711}.Release|Any CPU.ActiveCfg = Release|Any CPU
		{F4790A41-B628-44A2-8EB0-31B4B3206711}.Release|Any CPU.Build.0 = Release|Any CPU
	EndGlobalSection
	GlobalSection(MonoDevelopProperties) = preSolution
		Policies = $0
		$0.DotNetNamingPolicy = $1
		$1.DirectoryNamespaceAssociation = PrefixedHierarchical
		$0.VersionControlPolicy = $2
		$2.CommitMessageStyle = $3
		$3.IncludeDirectoryPaths = True
	EndGlobalSection
EndGlobal
